PODS:
  - Alamofire (4.2.0)
  - PromiseKit (4.0.5):
    - PromiseKit/Foundation (= 4.0.5)
    - PromiseKit/QuartzCore (= 4.0.5)
    - PromiseKit/UIKit (= 4.0.5)
  - PromiseKit/CorePromise (4.0.5)
  - PromiseKit/Foundation (4.0.5):
    - PromiseKit/CorePromise
  - PromiseKit/QuartzCore (4.0.5):
    - PromiseKit/CorePromise
  - PromiseKit/UIKit (4.0.5):
    - PromiseKit/CorePromise
  - StringInflections (0.0.4)
  - SwiftyJSON (3.1.3)

DEPENDENCIES:
  - Alamofire (~> 4.2.0)
  - PromiseKit (~> 4.0.5)
  - StringInflections
  - SwiftyJSON (~> 3.1.3)

SPEC CHECKSUMS:
  Alamofire: aa2e09d871c9160ac53c90e83c68064a94e3dfbe
  PromiseKit: 593b5e24ded6cbb1ebc708bc2c3428a8a5632d91
  StringInflections: e50f418d3a8325ad8491b118a80174f56a785647
  SwiftyJSON: 38a8ea2006779c0fc4c310cb2ee8195327740faf

PODFILE CHECKSUM: 36e01f8ad44f46fd9c20cfde91676cfc43e02c0d

COCOAPODS: 1.1.1
