// !$*UTF8*$!
{
	archiveVersion = 1;
	classes = {
	};
	objectVersion = 46;
	objects = {

/* Begin PBXBuildFile section */
		0F64BB7DAC6C88B2D1E5700C /* Pods_ModelKit.framework in Frameworks */ = {isa = PBXBuildFile; fileRef = FF3D7C49766F998A4C8D8E99 /* Pods_ModelKit.framework */; };
		220EF8B71DF0992200B702CC /* APIKitTests.swift in Sources */ = {isa = PBXBuildFile; fileRef = 220EF8B11DF0992200B702CC /* APIKitTests.swift */; };
		220EF8B81DF0992200B702CC /* ModelTests.swift in Sources */ = {isa = PBXBuildFile; fileRef = 220EF8B21DF0992200B702CC /* ModelTests.swift */; };
		220EF8B91DF0992200B702CC /* ArrayTests.swift in Sources */ = {isa = PBXBuildFile; fileRef = 220EF8B31DF0992200B702CC /* ArrayTests.swift */; };
		220EF8BA1DF0992200B702CC /* RemoteRequestTests.swift in Sources */ = {isa = PBXBuildFile; fileRef = 220EF8B41DF0992200B702CC /* RemoteRequestTests.swift */; };
		220EF8BB1DF0992200B702CC /* ArchiveTests.swift in Sources */ = {isa = PBXBuildFile; fileRef = 220EF8B51DF0992200B702CC /* ArchiveTests.swift */; };
		220EF8BC1DF0992200B702CC /* TypeDictionaryTests.swift in Sources */ = {isa = PBXBuildFile; fileRef = 220EF8B61DF0992200B702CC /* TypeDictionaryTests.swift */; };
		220EF8C31DF099A000B702CC /* Tests.swift in Sources */ = {isa = PBXBuildFile; fileRef = 220EF8BE1DF099A000B702CC /* Tests.swift */; };
		220EF8C41DF099A000B702CC /* ArrayFieldTests.swift in Sources */ = {isa = PBXBuildFile; fileRef = 220EF8BF1DF099A000B702CC /* ArrayFieldTests.swift */; };
		220EF8C51DF099A000B702CC /* ObservationTests.swift in Sources */ = {isa = PBXBuildFile; fileRef = 220EF8C01DF099A000B702CC /* ObservationTests.swift */; };
		220EF8C61DF099A000B702CC /* TransformerTests.swift in Sources */ = {isa = PBXBuildFile; fileRef = 220EF8C11DF099A000B702CC /* TransformerTests.swift */; };
		220EF8C71DF099A000B702CC /* CustomFieldTests.swift in Sources */ = {isa = PBXBuildFile; fileRef = 220EF8C21DF099A000B702CC /* CustomFieldTests.swift */; };
		220EF8CC1DF09BEE00B702CC /* ArchiveModelStore.swift in Sources */ = {isa = PBXBuildFile; fileRef = 220EF8CB1DF09BEE00B702CC /* ArchiveModelStore.swift */; };
		220EF8D01DF09C1600B702CC /* Model.swift in Sources */ = {isa = PBXBuildFile; fileRef = 220EF8CD1DF09C1600B702CC /* Model.swift */; };
		220EF8D11DF09C1600B702CC /* ModelArrayField.swift in Sources */ = {isa = PBXBuildFile; fileRef = 220EF8CE1DF09C1600B702CC /* ModelArrayField.swift */; };
		220EF8D21DF09C1600B702CC /* ModelField.swift in Sources */ = {isa = PBXBuildFile; fileRef = 220EF8CF1DF09C1600B702CC /* ModelField.swift */; };
		220EF8D71DF09C3800B702CC /* ArrayField.swift in Sources */ = {isa = PBXBuildFile; fileRef = 220EF8D31DF09C3800B702CC /* ArrayField.swift */; };
		220EF8D81DF09C3800B702CC /* BaseField.swift in Sources */ = {isa = PBXBuildFile; fileRef = 220EF8D41DF09C3800B702CC /* BaseField.swift */; };
		220EF8D91DF09C3800B702CC /* EnumField.swift in Sources */ = {isa = PBXBuildFile; fileRef = 220EF8D51DF09C3800B702CC /* EnumField.swift */; };
		220EF8DA1DF09C3800B702CC /* Field.swift in Sources */ = {isa = PBXBuildFile; fileRef = 220EF8D61DF09C3800B702CC /* Field.swift */; };
		220EF8DC1DF09C4400B702CC /* ValueTransformable.swift in Sources */ = {isa = PBXBuildFile; fileRef = 220EF8DB1DF09C4400B702CC /* ValueTransformable.swift */; };
		220EF8DE1DF09C6600B702CC /* MemoryModelStore.swift in Sources */ = {isa = PBXBuildFile; fileRef = 220EF8DD1DF09C6600B702CC /* MemoryModelStore.swift */; };
		220EF8E11DF09C7100B702CC /* ModelStore.swift in Sources */ = {isa = PBXBuildFile; fileRef = 220EF8DF1DF09C7100B702CC /* ModelStore.swift */; };
		220EF8E21DF09C7100B702CC /* ModelStoreDelegate.swift in Sources */ = {isa = PBXBuildFile; fileRef = 220EF8E01DF09C7100B702CC /* ModelStoreDelegate.swift */; };
		220EF8EC1DF09C9400B702CC /* ValueObservable.swift in Sources */ = {isa = PBXBuildFile; fileRef = 220EF8E91DF09C9400B702CC /* ValueObservable.swift */; };
		220EF8ED1DF09C9400B702CC /* Observation.swift in Sources */ = {isa = PBXBuildFile; fileRef = 220EF8EA1DF09C9400B702CC /* Observation.swift */; };
		220EF8EE1DF09C9400B702CC /* ValueObserver.swift in Sources */ = {isa = PBXBuildFile; fileRef = 220EF8EB1DF09C9400B702CC /* ValueObserver.swift */; };
		220EF8F11DF09CB500B702CC /* ModelManager.swift in Sources */ = {isa = PBXBuildFile; fileRef = 220EF8EF1DF09CB500B702CC /* ModelManager.swift */; };
		220EF8F21DF09CB500B702CC /* ModelValueTransformer.swift in Sources */ = {isa = PBXBuildFile; fileRef = 220EF8F01DF09CB500B702CC /* ModelValueTransformer.swift */; };
		220EF8F61DF09D7700B702CC /* DictionarySerializable.swift in Sources */ = {isa = PBXBuildFile; fileRef = 220EF8F51DF09D7700B702CC /* DictionarySerializable.swift */; };
		220EF8FC1DF09DC600B702CC /* DateTransformer.swift in Sources */ = {isa = PBXBuildFile; fileRef = 220EF8FB1DF09DC600B702CC /* DateTransformer.swift */; };
		220EF8FE1DF09DE000B702CC /* ValidationRule.swift in Sources */ = {isa = PBXBuildFile; fileRef = 220EF8FD1DF09DE000B702CC /* ValidationRule.swift */; };
		220EF9001DF09DEE00B702CC /* ValueTransformer.swift in Sources */ = {isa = PBXBuildFile; fileRef = 220EF8FF1DF09DEE00B702CC /* ValueTransformer.swift */; };
		220EF9021DF09DFD00B702CC /* Mirror+Super.swift in Sources */ = {isa = PBXBuildFile; fileRef = 220EF9011DF09DFD00B702CC /* Mirror+Super.swift */; };
		220EF9071DF09E3100B702CC /* TransformerCache.swift in Sources */ = {isa = PBXBuildFile; fileRef = 220EF9051DF09E3100B702CC /* TransformerCache.swift */; };
		220EF90A1DF09E6D00B702CC /* ModelKit.podspec in Resources */ = {isa = PBXBuildFile; fileRef = 220EF9091DF09E6D00B702CC /* ModelKit.podspec */; };
		220EF90E1DF09FF200B702CC /* Array+Difference.swift in Sources */ = {isa = PBXBuildFile; fileRef = 220EF90D1DF09FF200B702CC /* Array+Difference.swift */; };
		220EF9101DF0A01F00B702CC /* DictionaryExtension.swift in Sources */ = {isa = PBXBuildFile; fileRef = 220EF90F1DF0A01F00B702CC /* DictionaryExtension.swift */; };
		220EF91D1DF0A2F700B702CC /* MemoryRegistry.swift in Sources */ = {isa = PBXBuildFile; fileRef = 220EF91B1DF0A2F700B702CC /* MemoryRegistry.swift */; };
		220EF91E1DF0A2F700B702CC /* ModelRegistry.swift in Sources */ = {isa = PBXBuildFile; fileRef = 220EF91C1DF0A2F700B702CC /* ModelRegistry.swift */; };
		220EF9201DF0A58100B702CC /* ValueTransformerContext.swift in Sources */ = {isa = PBXBuildFile; fileRef = 220EF91F1DF0A58100B702CC /* ValueTransformerContext.swift */; };
		22419E2D1E4A3F0B0063A0C2 /* CharacterSet+extensions.swift in Sources */ = {isa = PBXBuildFile; fileRef = 22419E2C1E4A3F0B0063A0C2 /* CharacterSet+extensions.swift */; };
		22450CFC1DF785E900614CC9 /* TypeDictionary.swift in Sources */ = {isa = PBXBuildFile; fileRef = 22450CFB1DF785E900614CC9 /* TypeDictionary.swift */; };
		22450D011DF7880600614CC9 /* RemoteModelStore.swift in Sources */ = {isa = PBXBuildFile; fileRef = 22450CFD1DF7880600614CC9 /* RemoteModelStore.swift */; };
		22450D021DF7880600614CC9 /* RequestEncoder.swift in Sources */ = {isa = PBXBuildFile; fileRef = 22450CFE1DF7880600614CC9 /* RequestEncoder.swift */; };
		22450D031DF7880600614CC9 /* Response.swift in Sources */ = {isa = PBXBuildFile; fileRef = 22450CFF1DF7880600614CC9 /* Response.swift */; };
		22450D041DF7880600614CC9 /* Router.swift in Sources */ = {isa = PBXBuildFile; fileRef = 22450D001DF7880600614CC9 /* Router.swift */; };
		2249CC411DF23A4500FD3ABD /* HasOwnerField.swift in Sources */ = {isa = PBXBuildFile; fileRef = 2249CC401DF23A4500FD3ABD /* HasOwnerField.swift */; };
		224F97F91DF095A5001E851F /* ModelKit.framework in Frameworks */ = {isa = PBXBuildFile; fileRef = 224F97EF1DF095A5001E851F /* ModelKit.framework */; };
		224F97FE1DF095A5001E851F /* ModelKitTests.swift in Sources */ = {isa = PBXBuildFile; fileRef = 224F97FD1DF095A5001E851F /* ModelKitTests.swift */; };
		224F98001DF095A5001E851F /* ModelKit.h in Headers */ = {isa = PBXBuildFile; fileRef = 224F97F21DF095A5001E851F /* ModelKit.h */; settings = {ATTRIBUTES = (Public, ); }; };
		224F98461DF09642001E851F /* Podfile in Resources */ = {isa = PBXBuildFile; fileRef = 224F98451DF09642001E851F /* Podfile */; };
		22A1F2F31DFD2ED600241434 /* ModelObserver.swift in Sources */ = {isa = PBXBuildFile; fileRef = 22A1F2F21DFD2ED600241434 /* ModelObserver.swift */; };
		22A1F2F51DFD2FB700241434 /* FieldPath.swift in Sources */ = {isa = PBXBuildFile; fileRef = 22A1F2F41DFD2FB700241434 /* FieldPath.swift */; };
		22B82C331E78F18300E3EA54 /* ValueDomain.swift in Sources */ = {isa = PBXBuildFile; fileRef = 22B82C321E78F18300E3EA54 /* ValueDomain.swift */; };
		22B82C3D1E79B56500E3EA54 /* Interface.swift in Sources */ = {isa = PBXBuildFile; fileRef = 22B82C3C1E79B56500E3EA54 /* Interface.swift */; };
		22DAC6B61DF7FCDD00108441 /* NumericValueTransformer.swift in Sources */ = {isa = PBXBuildFile; fileRef = 22DAC6B51DF7FCDD00108441 /* NumericValueTransformer.swift */; };
		22DAC6B81DF7FCF100108441 /* SimpleValueTransformer.swift in Sources */ = {isa = PBXBuildFile; fileRef = 22DAC6B71DF7FCF100108441 /* SimpleValueTransformer.swift */; };
		22DBA5871E24338900E904A4 /* ValueObservation.swift in Sources */ = {isa = PBXBuildFile; fileRef = 22DBA5861E24338900E904A4 /* ValueObservation.swift */; };
		22DBA5891E243F4300E904A4 /* ObservationRegistry.swift in Sources */ = {isa = PBXBuildFile; fileRef = 22DBA5881E243F4300E904A4 /* ObservationRegistry.swift */; };
		22DBA58C1E24531A00E904A4 /* Observable.swift in Sources */ = {isa = PBXBuildFile; fileRef = 22DBA58B1E24531A00E904A4 /* Observable.swift */; };
		902751C3FA18C7E0AF33260D /* Pods_ModelKitTests.framework in Frameworks */ = {isa = PBXBuildFile; fileRef = 090DEBA661399D9997A81C45 /* Pods_ModelKitTests.framework */; };
/* End PBXBuildFile section */

/* Begin PBXContainerItemProxy section */
		224F97FA1DF095A5001E851F /* PBXContainerItemProxy */ = {
			isa = PBXContainerItemProxy;
			containerPortal = 224F97E61DF095A5001E851F /* Project object */;
			proxyType = 1;
			remoteGlobalIDString = 224F97EE1DF095A5001E851F;
			remoteInfo = ModelKit;
		};
/* End PBXContainerItemProxy section */

/* Begin PBXFileReference section */
		090DEBA661399D9997A81C45 /* Pods_ModelKitTests.framework */ = {isa = PBXFileReference; explicitFileType = wrapper.framework; includeInIndex = 0; path = Pods_ModelKitTests.framework; sourceTree = BUILT_PRODUCTS_DIR; };
		220EF8B11DF0992200B702CC /* APIKitTests.swift */ = {isa = PBXFileReference; fileEncoding = 4; lastKnownFileType = sourcecode.swift; path = APIKitTests.swift; sourceTree = "<group>"; };
		220EF8B21DF0992200B702CC /* ModelTests.swift */ = {isa = PBXFileReference; fileEncoding = 4; lastKnownFileType = sourcecode.swift; path = ModelTests.swift; sourceTree = "<group>"; };
		220EF8B31DF0992200B702CC /* ArrayTests.swift */ = {isa = PBXFileReference; fileEncoding = 4; lastKnownFileType = sourcecode.swift; path = ArrayTests.swift; sourceTree = "<group>"; };
		220EF8B41DF0992200B702CC /* RemoteRequestTests.swift */ = {isa = PBXFileReference; fileEncoding = 4; lastKnownFileType = sourcecode.swift; path = RemoteRequestTests.swift; sourceTree = "<group>"; };
		220EF8B51DF0992200B702CC /* ArchiveTests.swift */ = {isa = PBXFileReference; fileEncoding = 4; lastKnownFileType = sourcecode.swift; path = ArchiveTests.swift; sourceTree = "<group>"; };
		220EF8B61DF0992200B702CC /* TypeDictionaryTests.swift */ = {isa = PBXFileReference; fileEncoding = 4; lastKnownFileType = sourcecode.swift; path = TypeDictionaryTests.swift; sourceTree = "<group>"; };
		220EF8BE1DF099A000B702CC /* Tests.swift */ = {isa = PBXFileReference; fileEncoding = 4; lastKnownFileType = sourcecode.swift; path = Tests.swift; sourceTree = "<group>"; };
		220EF8BF1DF099A000B702CC /* ArrayFieldTests.swift */ = {isa = PBXFileReference; fileEncoding = 4; lastKnownFileType = sourcecode.swift; path = ArrayFieldTests.swift; sourceTree = "<group>"; };
		220EF8C01DF099A000B702CC /* ObservationTests.swift */ = {isa = PBXFileReference; fileEncoding = 4; lastKnownFileType = sourcecode.swift; path = ObservationTests.swift; sourceTree = "<group>"; };
		220EF8C11DF099A000B702CC /* TransformerTests.swift */ = {isa = PBXFileReference; fileEncoding = 4; lastKnownFileType = sourcecode.swift; path = TransformerTests.swift; sourceTree = "<group>"; };
		220EF8C21DF099A000B702CC /* CustomFieldTests.swift */ = {isa = PBXFileReference; fileEncoding = 4; lastKnownFileType = sourcecode.swift; path = CustomFieldTests.swift; sourceTree = "<group>"; };
		220EF8CB1DF09BEE00B702CC /* ArchiveModelStore.swift */ = {isa = PBXFileReference; fileEncoding = 4; lastKnownFileType = sourcecode.swift; name = ArchiveModelStore.swift; path = ModelStore/ArchiveModelStore.swift; sourceTree = "<group>"; };
		220EF8CD1DF09C1600B702CC /* Model.swift */ = {isa = PBXFileReference; fileEncoding = 4; lastKnownFileType = sourcecode.swift; name = Model.swift; path = Models/Model.swift; sourceTree = "<group>"; };
		220EF8CE1DF09C1600B702CC /* ModelArrayField.swift */ = {isa = PBXFileReference; fileEncoding = 4; lastKnownFileType = sourcecode.swift; name = ModelArrayField.swift; path = Models/ModelArrayField.swift; sourceTree = "<group>"; };
		220EF8CF1DF09C1600B702CC /* ModelField.swift */ = {isa = PBXFileReference; fileEncoding = 4; lastKnownFileType = sourcecode.swift; name = ModelField.swift; path = Models/ModelField.swift; sourceTree = "<group>"; };
		220EF8D31DF09C3800B702CC /* ArrayField.swift */ = {isa = PBXFileReference; fileEncoding = 4; lastKnownFileType = sourcecode.swift; name = ArrayField.swift; path = Fields/ArrayField.swift; sourceTree = "<group>"; };
		220EF8D41DF09C3800B702CC /* BaseField.swift */ = {isa = PBXFileReference; fileEncoding = 4; lastKnownFileType = sourcecode.swift; name = BaseField.swift; path = Fields/BaseField.swift; sourceTree = "<group>"; };
		220EF8D51DF09C3800B702CC /* EnumField.swift */ = {isa = PBXFileReference; fileEncoding = 4; lastKnownFileType = sourcecode.swift; name = EnumField.swift; path = Fields/EnumField.swift; sourceTree = "<group>"; };
		220EF8D61DF09C3800B702CC /* Field.swift */ = {isa = PBXFileReference; fileEncoding = 4; lastKnownFileType = sourcecode.swift; name = Field.swift; path = Fields/Field.swift; sourceTree = "<group>"; };
		220EF8DB1DF09C4400B702CC /* ValueTransformable.swift */ = {isa = PBXFileReference; fileEncoding = 4; lastKnownFileType = sourcecode.swift; name = ValueTransformable.swift; path = Fields/ValueTransformable.swift; sourceTree = "<group>"; };
		220EF8DD1DF09C6600B702CC /* MemoryModelStore.swift */ = {isa = PBXFileReference; fileEncoding = 4; lastKnownFileType = sourcecode.swift; name = MemoryModelStore.swift; path = ModelStore/MemoryModelStore.swift; sourceTree = "<group>"; };
		220EF8DF1DF09C7100B702CC /* ModelStore.swift */ = {isa = PBXFileReference; fileEncoding = 4; lastKnownFileType = sourcecode.swift; name = ModelStore.swift; path = ModelStore/ModelStore.swift; sourceTree = "<group>"; };
		220EF8E01DF09C7100B702CC /* ModelStoreDelegate.swift */ = {isa = PBXFileReference; fileEncoding = 4; lastKnownFileType = sourcecode.swift; name = ModelStoreDelegate.swift; path = ModelStore/ModelStoreDelegate.swift; sourceTree = "<group>"; };
		220EF8E91DF09C9400B702CC /* ValueObservable.swift */ = {isa = PBXFileReference; fileEncoding = 4; lastKnownFileType = sourcecode.swift; name = ValueObservable.swift; path = Fields/ValueObservable.swift; sourceTree = "<group>"; };
		220EF8EA1DF09C9400B702CC /* Observation.swift */ = {isa = PBXFileReference; fileEncoding = 4; lastKnownFileType = sourcecode.swift; name = Observation.swift; path = Fields/Observation.swift; sourceTree = "<group>"; };
		220EF8EB1DF09C9400B702CC /* ValueObserver.swift */ = {isa = PBXFileReference; fileEncoding = 4; lastKnownFileType = sourcecode.swift; name = ValueObserver.swift; path = Fields/ValueObserver.swift; sourceTree = "<group>"; };
		220EF8EF1DF09CB500B702CC /* ModelManager.swift */ = {isa = PBXFileReference; fileEncoding = 4; lastKnownFileType = sourcecode.swift; name = ModelManager.swift; path = Models/ModelManager.swift; sourceTree = "<group>"; };
		220EF8F01DF09CB500B702CC /* ModelValueTransformer.swift */ = {isa = PBXFileReference; fileEncoding = 4; lastKnownFileType = sourcecode.swift; name = ModelValueTransformer.swift; path = Models/ModelValueTransformer.swift; sourceTree = "<group>"; };
		220EF8F51DF09D7700B702CC /* DictionarySerializable.swift */ = {isa = PBXFileReference; fileEncoding = 4; lastKnownFileType = sourcecode.swift; name = DictionarySerializable.swift; path = Models/DictionarySerializable.swift; sourceTree = "<group>"; };
		220EF8FB1DF09DC600B702CC /* DateTransformer.swift */ = {isa = PBXFileReference; fileEncoding = 4; lastKnownFileType = sourcecode.swift; name = DateTransformer.swift; path = Fields/DateTransformer.swift; sourceTree = "<group>"; };
		220EF8FD1DF09DE000B702CC /* ValidationRule.swift */ = {isa = PBXFileReference; fileEncoding = 4; lastKnownFileType = sourcecode.swift; name = ValidationRule.swift; path = Fields/ValidationRule.swift; sourceTree = "<group>"; };
		220EF8FF1DF09DEE00B702CC /* ValueTransformer.swift */ = {isa = PBXFileReference; fileEncoding = 4; lastKnownFileType = sourcecode.swift; name = ValueTransformer.swift; path = Fields/ValueTransformer.swift; sourceTree = "<group>"; };
		220EF9011DF09DFD00B702CC /* Mirror+Super.swift */ = {isa = PBXFileReference; fileEncoding = 4; lastKnownFileType = sourcecode.swift; name = "Mirror+Super.swift"; path = "Models/Mirror+Super.swift"; sourceTree = "<group>"; };
		220EF9051DF09E3100B702CC /* TransformerCache.swift */ = {isa = PBXFileReference; fileEncoding = 4; lastKnownFileType = sourcecode.swift; name = TransformerCache.swift; path = Models/TransformerCache.swift; sourceTree = "<group>"; };
		220EF9091DF09E6D00B702CC /* ModelKit.podspec */ = {isa = PBXFileReference; explicitFileType = text.script.ruby; fileEncoding = 4; path = ModelKit.podspec; sourceTree = "<group>"; };
		220EF90D1DF09FF200B702CC /* Array+Difference.swift */ = {isa = PBXFileReference; fileEncoding = 4; lastKnownFileType = sourcecode.swift; name = "Array+Difference.swift"; path = "Models/Array+Difference.swift"; sourceTree = "<group>"; };
		220EF90F1DF0A01F00B702CC /* DictionaryExtension.swift */ = {isa = PBXFileReference; fileEncoding = 4; lastKnownFileType = sourcecode.swift; name = DictionaryExtension.swift; path = ModelStore/DictionaryExtension.swift; sourceTree = "<group>"; };
		220EF91B1DF0A2F700B702CC /* MemoryRegistry.swift */ = {isa = PBXFileReference; fileEncoding = 4; lastKnownFileType = sourcecode.swift; name = MemoryRegistry.swift; path = Models/MemoryRegistry.swift; sourceTree = "<group>"; };
		220EF91C1DF0A2F700B702CC /* ModelRegistry.swift */ = {isa = PBXFileReference; fileEncoding = 4; lastKnownFileType = sourcecode.swift; name = ModelRegistry.swift; path = Models/ModelRegistry.swift; sourceTree = "<group>"; };
		220EF91F1DF0A58100B702CC /* ValueTransformerContext.swift */ = {isa = PBXFileReference; fileEncoding = 4; lastKnownFileType = sourcecode.swift; name = ValueTransformerContext.swift; path = Fields/ValueTransformerContext.swift; sourceTree = "<group>"; };
		22419E2C1E4A3F0B0063A0C2 /* CharacterSet+extensions.swift */ = {isa = PBXFileReference; fileEncoding = 4; lastKnownFileType = sourcecode.swift; name = "CharacterSet+extensions.swift"; path = "Fields/CharacterSet+extensions.swift"; sourceTree = "<group>"; };
		22450CFB1DF785E900614CC9 /* TypeDictionary.swift */ = {isa = PBXFileReference; fileEncoding = 4; lastKnownFileType = sourcecode.swift; name = TypeDictionary.swift; path = Fields/TypeDictionary.swift; sourceTree = "<group>"; };
		22450CFD1DF7880600614CC9 /* RemoteModelStore.swift */ = {isa = PBXFileReference; fileEncoding = 4; lastKnownFileType = sourcecode.swift; name = RemoteModelStore.swift; path = RemoteModelStore/RemoteModelStore.swift; sourceTree = "<group>"; };
		22450CFE1DF7880600614CC9 /* RequestEncoder.swift */ = {isa = PBXFileReference; fileEncoding = 4; lastKnownFileType = sourcecode.swift; name = RequestEncoder.swift; path = RemoteModelStore/RequestEncoder.swift; sourceTree = "<group>"; };
		22450CFF1DF7880600614CC9 /* Response.swift */ = {isa = PBXFileReference; fileEncoding = 4; lastKnownFileType = sourcecode.swift; name = Response.swift; path = RemoteModelStore/Response.swift; sourceTree = "<group>"; };
		22450D001DF7880600614CC9 /* Router.swift */ = {isa = PBXFileReference; fileEncoding = 4; lastKnownFileType = sourcecode.swift; name = Router.swift; path = RemoteModelStore/Router.swift; sourceTree = "<group>"; };
		2249CC401DF23A4500FD3ABD /* HasOwnerField.swift */ = {isa = PBXFileReference; fileEncoding = 4; lastKnownFileType = sourcecode.swift; name = HasOwnerField.swift; path = Models/HasOwnerField.swift; sourceTree = "<group>"; };
		224F97EF1DF095A5001E851F /* ModelKit.framework */ = {isa = PBXFileReference; explicitFileType = wrapper.framework; includeInIndex = 0; path = ModelKit.framework; sourceTree = BUILT_PRODUCTS_DIR; };
		224F97F21DF095A5001E851F /* ModelKit.h */ = {isa = PBXFileReference; lastKnownFileType = sourcecode.c.h; path = ModelKit.h; sourceTree = "<group>"; };
		224F97F31DF095A5001E851F /* Info.plist */ = {isa = PBXFileReference; lastKnownFileType = text.plist.xml; path = Info.plist; sourceTree = "<group>"; };
		224F97F81DF095A5001E851F /* ModelKitTests.xctest */ = {isa = PBXFileReference; explicitFileType = wrapper.cfbundle; includeInIndex = 0; path = ModelKitTests.xctest; sourceTree = BUILT_PRODUCTS_DIR; };
		224F97FD1DF095A5001E851F /* ModelKitTests.swift */ = {isa = PBXFileReference; lastKnownFileType = sourcecode.swift; path = ModelKitTests.swift; sourceTree = "<group>"; };
		224F97FF1DF095A5001E851F /* Info.plist */ = {isa = PBXFileReference; lastKnownFileType = text.plist.xml; path = Info.plist; sourceTree = "<group>"; };
		224F98451DF09642001E851F /* Podfile */ = {isa = PBXFileReference; explicitFileType = text.script.ruby; fileEncoding = 4; path = Podfile; sourceTree = "<group>"; xcLanguageSpecificationIdentifier = xcode.lang.ruby; };
		22A1F2F21DFD2ED600241434 /* ModelObserver.swift */ = {isa = PBXFileReference; fileEncoding = 4; lastKnownFileType = sourcecode.swift; name = ModelObserver.swift; path = Models/ModelObserver.swift; sourceTree = "<group>"; };
		22A1F2F41DFD2FB700241434 /* FieldPath.swift */ = {isa = PBXFileReference; fileEncoding = 4; lastKnownFileType = sourcecode.swift; name = FieldPath.swift; path = Models/FieldPath.swift; sourceTree = "<group>"; };
		22B82C321E78F18300E3EA54 /* ValueDomain.swift */ = {isa = PBXFileReference; fileEncoding = 4; lastKnownFileType = sourcecode.swift; name = ValueDomain.swift; path = Fields/ValueDomain.swift; sourceTree = "<group>"; };
		22B82C3C1E79B56500E3EA54 /* Interface.swift */ = {isa = PBXFileReference; fileEncoding = 4; lastKnownFileType = sourcecode.swift; name = Interface.swift; path = Models/Interface.swift; sourceTree = "<group>"; };
		22DAC6B51DF7FCDD00108441 /* NumericValueTransformer.swift */ = {isa = PBXFileReference; fileEncoding = 4; lastKnownFileType = sourcecode.swift; name = NumericValueTransformer.swift; path = Fields/NumericValueTransformer.swift; sourceTree = "<group>"; };
		22DAC6B71DF7FCF100108441 /* SimpleValueTransformer.swift */ = {isa = PBXFileReference; fileEncoding = 4; lastKnownFileType = sourcecode.swift; name = SimpleValueTransformer.swift; path = Fields/SimpleValueTransformer.swift; sourceTree = "<group>"; };
		22DBA5861E24338900E904A4 /* ValueObservation.swift */ = {isa = PBXFileReference; fileEncoding = 4; lastKnownFileType = sourcecode.swift; name = ValueObservation.swift; path = Fields/ValueObservation.swift; sourceTree = "<group>"; };
		22DBA5881E243F4300E904A4 /* ObservationRegistry.swift */ = {isa = PBXFileReference; fileEncoding = 4; lastKnownFileType = sourcecode.swift; name = ObservationRegistry.swift; path = Fields/ObservationRegistry.swift; sourceTree = "<group>"; };
		22DBA58B1E24531A00E904A4 /* Observable.swift */ = {isa = PBXFileReference; fileEncoding = 4; lastKnownFileType = sourcecode.swift; name = Observable.swift; path = Fields/Observable.swift; sourceTree = "<group>"; };
		38A05B7372D948352D30FCD1 /* Pods-ModelKit.release.xcconfig */ = {isa = PBXFileReference; includeInIndex = 1; lastKnownFileType = text.xcconfig; name = "Pods-ModelKit.release.xcconfig"; path = "Pods/Target Support Files/Pods-ModelKit/Pods-ModelKit.release.xcconfig"; sourceTree = "<group>"; };
		B2EB45E0B156254A6D7C8539 /* Pods-ModelKit.debug.xcconfig */ = {isa = PBXFileReference; includeInIndex = 1; lastKnownFileType = text.xcconfig; name = "Pods-ModelKit.debug.xcconfig"; path = "Pods/Target Support Files/Pods-ModelKit/Pods-ModelKit.debug.xcconfig"; sourceTree = "<group>"; };
		DC22183A5F54223695D5D378 /* Pods-ModelKitTests.release.xcconfig */ = {isa = PBXFileReference; includeInIndex = 1; lastKnownFileType = text.xcconfig; name = "Pods-ModelKitTests.release.xcconfig"; path = "Pods/Target Support Files/Pods-ModelKitTests/Pods-ModelKitTests.release.xcconfig"; sourceTree = "<group>"; };
		DF968CA1B71DCE72839C39FF /* Pods-ModelKitTests.debug.xcconfig */ = {isa = PBXFileReference; includeInIndex = 1; lastKnownFileType = text.xcconfig; name = "Pods-ModelKitTests.debug.xcconfig"; path = "Pods/Target Support Files/Pods-ModelKitTests/Pods-ModelKitTests.debug.xcconfig"; sourceTree = "<group>"; };
		FF3D7C49766F998A4C8D8E99 /* Pods_ModelKit.framework */ = {isa = PBXFileReference; explicitFileType = wrapper.framework; includeInIndex = 0; path = Pods_ModelKit.framework; sourceTree = BUILT_PRODUCTS_DIR; };
/* End PBXFileReference section */

/* Begin PBXFrameworksBuildPhase section */
		224F97EB1DF095A5001E851F /* Frameworks */ = {
			isa = PBXFrameworksBuildPhase;
			buildActionMask = 2147483647;
			files = (
				0F64BB7DAC6C88B2D1E5700C /* Pods_ModelKit.framework in Frameworks */,
			);
			runOnlyForDeploymentPostprocessing = 0;
		};
		224F97F51DF095A5001E851F /* Frameworks */ = {
			isa = PBXFrameworksBuildPhase;
			buildActionMask = 2147483647;
			files = (
				224F97F91DF095A5001E851F /* ModelKit.framework in Frameworks */,
				902751C3FA18C7E0AF33260D /* Pods_ModelKitTests.framework in Frameworks */,
			);
			runOnlyForDeploymentPostprocessing = 0;
		};
/* End PBXFrameworksBuildPhase section */

/* Begin PBXGroup section */
		02B5C20022C8AB0EF7382C76 /* Pods */ = {
			isa = PBXGroup;
			children = (
				B2EB45E0B156254A6D7C8539 /* Pods-ModelKit.debug.xcconfig */,
				38A05B7372D948352D30FCD1 /* Pods-ModelKit.release.xcconfig */,
				DF968CA1B71DCE72839C39FF /* Pods-ModelKitTests.debug.xcconfig */,
				DC22183A5F54223695D5D378 /* Pods-ModelKitTests.release.xcconfig */,
			);
			name = Pods;
			sourceTree = "<group>";
		};
		20E169B50CBA25EB096A0775 /* Frameworks */ = {
			isa = PBXGroup;
			children = (
				FF3D7C49766F998A4C8D8E99 /* Pods_ModelKit.framework */,
				090DEBA661399D9997A81C45 /* Pods_ModelKitTests.framework */,
			);
			name = Frameworks;
			sourceTree = "<group>";
		};
		220EF8A71DF0974900B702CC /* fields */ = {
			isa = PBXGroup;
			children = (
				220EF8D31DF09C3800B702CC /* ArrayField.swift */,
				220EF8D41DF09C3800B702CC /* BaseField.swift */,
				220EF8D51DF09C3800B702CC /* EnumField.swift */,
				220EF8D61DF09C3800B702CC /* Field.swift */,
				220EF8DB1DF09C4400B702CC /* ValueTransformable.swift */,
				22B82C321E78F18300E3EA54 /* ValueDomain.swift */,
			);
			name = fields;
			sourceTree = "<group>";
		};
		220EF8A81DF0974D00B702CC /* validation */ = {
			isa = PBXGroup;
			children = (
				220EF8FD1DF09DE000B702CC /* ValidationRule.swift */,
			);
			name = validation;
			sourceTree = "<group>";
		};
		220EF8A91DF0975200B702CC /* observation */ = {
			isa = PBXGroup;
			children = (
				220EF8EA1DF09C9400B702CC /* Observation.swift */,
				22DBA5881E243F4300E904A4 /* ObservationRegistry.swift */,
				22DBA58B1E24531A00E904A4 /* Observable.swift */,
				22DBA58A1E2452FC00E904A4 /* values */,
			);
			name = observation;
			sourceTree = "<group>";
		};
		220EF8AA1DF0976300B702CC /* transformers */ = {
			isa = PBXGroup;
			children = (
				220EF8FF1DF09DEE00B702CC /* ValueTransformer.swift */,
				220EF8FB1DF09DC600B702CC /* DateTransformer.swift */,
				220EF91F1DF0A58100B702CC /* ValueTransformerContext.swift */,
				22DAC6B51DF7FCDD00108441 /* NumericValueTransformer.swift */,
				22DAC6B71DF7FCF100108441 /* SimpleValueTransformer.swift */,
			);
			name = transformers;
			sourceTree = "<group>";
		};
		220EF8AC1DF0978C00B702CC /* local */ = {
			isa = PBXGroup;
			children = (
				220EF8DD1DF09C6600B702CC /* MemoryModelStore.swift */,
				220EF8CB1DF09BEE00B702CC /* ArchiveModelStore.swift */,
			);
			name = local;
			sourceTree = "<group>";
		};
		220EF8AD1DF0978F00B702CC /* remote */ = {
			isa = PBXGroup;
			children = (
				22450CFD1DF7880600614CC9 /* RemoteModelStore.swift */,
				22450CFE1DF7880600614CC9 /* RequestEncoder.swift */,
				22450CFF1DF7880600614CC9 /* Response.swift */,
				22450D001DF7880600614CC9 /* Router.swift */,
			);
			name = remote;
			sourceTree = "<group>";
		};
		220EF8AE1DF0979200B702CC /* protocols */ = {
			isa = PBXGroup;
			children = (
				220EF8DF1DF09C7100B702CC /* ModelStore.swift */,
				220EF8E01DF09C7100B702CC /* ModelStoreDelegate.swift */,
			);
			name = protocols;
			sourceTree = "<group>";
		};
		220EF8AF1DF097B300B702CC /* extensions */ = {
			isa = PBXGroup;
			children = (
				220EF90D1DF09FF200B702CC /* Array+Difference.swift */,
				220EF9011DF09DFD00B702CC /* Mirror+Super.swift */,
			);
			name = extensions;
			sourceTree = "<group>";
		};
		220EF8BD1DF0998300B702CC /* Models */ = {
			isa = PBXGroup;
			children = (
				224F97FD1DF095A5001E851F /* ModelKitTests.swift */,
				220EF8B11DF0992200B702CC /* APIKitTests.swift */,
				220EF8B21DF0992200B702CC /* ModelTests.swift */,
				220EF8B31DF0992200B702CC /* ArrayTests.swift */,
				220EF8B41DF0992200B702CC /* RemoteRequestTests.swift */,
				220EF8B51DF0992200B702CC /* ArchiveTests.swift */,
				220EF8B61DF0992200B702CC /* TypeDictionaryTests.swift */,
			);
			name = Models;
			sourceTree = "<group>";
		};
		220EF8C81DF099A400B702CC /* Fields */ = {
			isa = PBXGroup;
			children = (
				220EF8BE1DF099A000B702CC /* Tests.swift */,
				220EF8BF1DF099A000B702CC /* ArrayFieldTests.swift */,
				220EF8C01DF099A000B702CC /* ObservationTests.swift */,
				220EF8C11DF099A000B702CC /* TransformerTests.swift */,
				220EF8C21DF099A000B702CC /* CustomFieldTests.swift */,
			);
			name = Fields;
			sourceTree = "<group>";
		};
		220EF9111DF0A02500B702CC /* extensions */ = {
			isa = PBXGroup;
			children = (
				220EF90F1DF0A01F00B702CC /* DictionaryExtension.swift */,
			);
			name = extensions;
			sourceTree = "<group>";
		};
		220EF9121DF0A0C500B702CC /* utilities */ = {
			isa = PBXGroup;
			children = (
				220EF8EF1DF09CB500B702CC /* ModelManager.swift */,
				220EF9051DF09E3100B702CC /* TransformerCache.swift */,
			);
			name = utilities;
			sourceTree = "<group>";
		};
		220EF9131DF0A0D400B702CC /* fields */ = {
			isa = PBXGroup;
			children = (
				220EF8CE1DF09C1600B702CC /* ModelArrayField.swift */,
				220EF8CF1DF09C1600B702CC /* ModelField.swift */,
				22A1F2F41DFD2FB700241434 /* FieldPath.swift */,
			);
			name = fields;
			sourceTree = "<group>";
		};
		220EF9141DF0A0E200B702CC /* transformers */ = {
			isa = PBXGroup;
			children = (
				220EF8F01DF09CB500B702CC /* ModelValueTransformer.swift */,
			);
			name = transformers;
			sourceTree = "<group>";
		};
		220EF9151DF0A0FF00B702CC /* registry */ = {
			isa = PBXGroup;
			children = (
				220EF91B1DF0A2F700B702CC /* MemoryRegistry.swift */,
				220EF91C1DF0A2F700B702CC /* ModelRegistry.swift */,
			);
			name = registry;
			sourceTree = "<group>";
		};
		220EF9161DF0A10500B702CC /* core */ = {
			isa = PBXGroup;
			children = (
				220EF8F51DF09D7700B702CC /* DictionarySerializable.swift */,
				220EF8CD1DF09C1600B702CC /* Model.swift */,
				2249CC401DF23A4500FD3ABD /* HasOwnerField.swift */,
				22B82C3C1E79B56500E3EA54 /* Interface.swift */,
			);
			name = core;
			sourceTree = "<group>";
		};
		22419E271E4A3BD30063A0C2 /* extensions */ = {
			isa = PBXGroup;
			children = (
				22419E2C1E4A3F0B0063A0C2 /* CharacterSet+extensions.swift */,
			);
			name = extensions;
			sourceTree = "<group>";
		};
		224F97E51DF095A5001E851F = {
			isa = PBXGroup;
			children = (
				220EF9091DF09E6D00B702CC /* ModelKit.podspec */,
				224F98451DF09642001E851F /* Podfile */,
				224F97F11DF095A5001E851F /* ModelKit */,
				224F97FC1DF095A5001E851F /* ModelKitTests */,
				224F97F01DF095A5001E851F /* Products */,
				02B5C20022C8AB0EF7382C76 /* Pods */,
				20E169B50CBA25EB096A0775 /* Frameworks */,
			);
			sourceTree = "<group>";
		};
		224F97F01DF095A5001E851F /* Products */ = {
			isa = PBXGroup;
			children = (
				224F97EF1DF095A5001E851F /* ModelKit.framework */,
				224F97F81DF095A5001E851F /* ModelKitTests.xctest */,
			);
			name = Products;
			sourceTree = "<group>";
		};
		224F97F11DF095A5001E851F /* ModelKit */ = {
			isa = PBXGroup;
			children = (
				224F980B1DF095D5001E851F /* Fields */,
				224F980A1DF095D0001E851F /* ModelStore */,
				224F98091DF095CB001E851F /* Models */,
				224F97F21DF095A5001E851F /* ModelKit.h */,
				224F97F31DF095A5001E851F /* Info.plist */,
			);
			path = ModelKit;
			sourceTree = "<group>";
		};
		224F97FC1DF095A5001E851F /* ModelKitTests */ = {
			isa = PBXGroup;
			children = (
				220EF8C81DF099A400B702CC /* Fields */,
				220EF8BD1DF0998300B702CC /* Models */,
				224F97FF1DF095A5001E851F /* Info.plist */,
			);
			path = ModelKitTests;
			sourceTree = "<group>";
		};
		224F98091DF095CB001E851F /* Models */ = {
			isa = PBXGroup;
			children = (
				22A1F2EF1DFD2EB800241434 /* observation */,
				220EF9151DF0A0FF00B702CC /* registry */,
				220EF9121DF0A0C500B702CC /* utilities */,
				220EF8AF1DF097B300B702CC /* extensions */,
				220EF9141DF0A0E200B702CC /* transformers */,
				220EF9161DF0A10500B702CC /* core */,
				220EF9131DF0A0D400B702CC /* fields */,
			);
			name = Models;
			sourceTree = "<group>";
		};
		224F980A1DF095D0001E851F /* ModelStore */ = {
			isa = PBXGroup;
			children = (
				220EF9111DF0A02500B702CC /* extensions */,
				220EF8AE1DF0979200B702CC /* protocols */,
				220EF8AD1DF0978F00B702CC /* remote */,
				220EF8AC1DF0978C00B702CC /* local */,
			);
			name = ModelStore;
			sourceTree = "<group>";
		};
		224F980B1DF095D5001E851F /* Fields */ = {
			isa = PBXGroup;
			children = (
				22419E271E4A3BD30063A0C2 /* extensions */,
				22450CFB1DF785E900614CC9 /* TypeDictionary.swift */,
				220EF8AA1DF0976300B702CC /* transformers */,
				220EF8A91DF0975200B702CC /* observation */,
				220EF8A81DF0974D00B702CC /* validation */,
				220EF8A71DF0974900B702CC /* fields */,
			);
			name = Fields;
			sourceTree = "<group>";
		};
		22A1F2EF1DFD2EB800241434 /* observation */ = {
			isa = PBXGroup;
			children = (
				22A1F2F21DFD2ED600241434 /* ModelObserver.swift */,
			);
			name = observation;
			sourceTree = "<group>";
		};
		22DBA58A1E2452FC00E904A4 /* values */ = {
			isa = PBXGroup;
			children = (
				220EF8E91DF09C9400B702CC /* ValueObservable.swift */,
				220EF8EB1DF09C9400B702CC /* ValueObserver.swift */,
				22DBA5861E24338900E904A4 /* ValueObservation.swift */,
			);
			name = values;
			sourceTree = "<group>";
		};
/* End PBXGroup section */

/* Begin PBXHeadersBuildPhase section */
		224F97EC1DF095A5001E851F /* Headers */ = {
			isa = PBXHeadersBuildPhase;
			buildActionMask = 2147483647;
			files = (
				224F98001DF095A5001E851F /* ModelKit.h in Headers */,
			);
			runOnlyForDeploymentPostprocessing = 0;
		};
/* End PBXHeadersBuildPhase section */

/* Begin PBXNativeTarget section */
		224F97EE1DF095A5001E851F /* ModelKit */ = {
			isa = PBXNativeTarget;
			buildConfigurationList = 224F98031DF095A5001E851F /* Build configuration list for PBXNativeTarget "ModelKit" */;
			buildPhases = (
				7F2677FE309CCA706330F91E /* [CP] Check Pods Manifest.lock */,
				224F97EA1DF095A5001E851F /* Sources */,
				224F97EB1DF095A5001E851F /* Frameworks */,
				224F97EC1DF095A5001E851F /* Headers */,
				224F97ED1DF095A5001E851F /* Resources */,
				DACE3C299857B62E0BE45F0A /* [CP] Copy Pods Resources */,
			);
			buildRules = (
			);
			dependencies = (
			);
			name = ModelKit;
			productName = ModelKit;
			productReference = 224F97EF1DF095A5001E851F /* ModelKit.framework */;
			productType = "com.apple.product-type.framework";
		};
		224F97F71DF095A5001E851F /* ModelKitTests */ = {
			isa = PBXNativeTarget;
			buildConfigurationList = 224F98061DF095A5001E851F /* Build configuration list for PBXNativeTarget "ModelKitTests" */;
			buildPhases = (
				770985852C529A0CA7481D1D /* [CP] Check Pods Manifest.lock */,
				224F97F41DF095A5001E851F /* Sources */,
				224F97F51DF095A5001E851F /* Frameworks */,
				224F97F61DF095A5001E851F /* Resources */,
				9D3E05D229E9EF826F3CEC46 /* [CP] Embed Pods Frameworks */,
				3ABC0CB3C828E6B9AC0107D6 /* [CP] Copy Pods Resources */,
			);
			buildRules = (
			);
			dependencies = (
				224F97FB1DF095A5001E851F /* PBXTargetDependency */,
			);
			name = ModelKitTests;
			productName = ModelKitTests;
			productReference = 224F97F81DF095A5001E851F /* ModelKitTests.xctest */;
			productType = "com.apple.product-type.bundle.unit-test";
		};
/* End PBXNativeTarget section */

/* Begin PBXProject section */
		224F97E61DF095A5001E851F /* Project object */ = {
			isa = PBXProject;
			attributes = {
				LastSwiftUpdateCheck = 0800;
				LastUpgradeCheck = 0800;
				ORGANIZATIONNAME = "Sam Williams";
				TargetAttributes = {
					224F97EE1DF095A5001E851F = {
						CreatedOnToolsVersion = 8.0;
						DevelopmentTeam = 7E8WS6RJ2L;
						LastSwiftMigration = 0800;
						ProvisioningStyle = Automatic;
					};
					224F97F71DF095A5001E851F = {
						CreatedOnToolsVersion = 8.0;
						DevelopmentTeam = 7E8WS6RJ2L;
						ProvisioningStyle = Automatic;
					};
				};
			};
			buildConfigurationList = 224F97E91DF095A5001E851F /* Build configuration list for PBXProject "ModelKit" */;
			compatibilityVersion = "Xcode 3.2";
			developmentRegion = English;
			hasScannedForEncodings = 0;
			knownRegions = (
				en,
			);
			mainGroup = 224F97E51DF095A5001E851F;
			productRefGroup = 224F97F01DF095A5001E851F /* Products */;
			projectDirPath = "";
			projectRoot = "";
			targets = (
				224F97EE1DF095A5001E851F /* ModelKit */,
				224F97F71DF095A5001E851F /* ModelKitTests */,
			);
		};
/* End PBXProject section */

/* Begin PBXResourcesBuildPhase section */
		224F97ED1DF095A5001E851F /* Resources */ = {
			isa = PBXResourcesBuildPhase;
			buildActionMask = 2147483647;
			files = (
				224F98461DF09642001E851F /* Podfile in Resources */,
				220EF90A1DF09E6D00B702CC /* ModelKit.podspec in Resources */,
			);
			runOnlyForDeploymentPostprocessing = 0;
		};
		224F97F61DF095A5001E851F /* Resources */ = {
			isa = PBXResourcesBuildPhase;
			buildActionMask = 2147483647;
			files = (
			);
			runOnlyForDeploymentPostprocessing = 0;
		};
/* End PBXResourcesBuildPhase section */

/* Begin PBXShellScriptBuildPhase section */
		3ABC0CB3C828E6B9AC0107D6 /* [CP] Copy Pods Resources */ = {
			isa = PBXShellScriptBuildPhase;
			buildActionMask = 2147483647;
			files = (
			);
			inputPaths = (
			);
			name = "[CP] Copy Pods Resources";
			outputPaths = (
			);
			runOnlyForDeploymentPostprocessing = 0;
			shellPath = /bin/sh;
			shellScript = "\"${SRCROOT}/Pods/Target Support Files/Pods-ModelKitTests/Pods-ModelKitTests-resources.sh\"\n";
			showEnvVarsInLog = 0;
		};
		770985852C529A0CA7481D1D /* [CP] Check Pods Manifest.lock */ = {
			isa = PBXShellScriptBuildPhase;
			buildActionMask = 2147483647;
			files = (
			);
			inputPaths = (
			);
			name = "[CP] Check Pods Manifest.lock";
			outputPaths = (
			);
			runOnlyForDeploymentPostprocessing = 0;
			shellPath = /bin/sh;
			shellScript = "diff \"${PODS_ROOT}/../Podfile.lock\" \"${PODS_ROOT}/Manifest.lock\" > /dev/null\nif [ $? != 0 ] ; then\n    # print error to STDERR\n    echo \"error: The sandbox is not in sync with the Podfile.lock. Run 'pod install' or update your CocoaPods installation.\" >&2\n    exit 1\nfi\n";
			showEnvVarsInLog = 0;
		};
		7F2677FE309CCA706330F91E /* [CP] Check Pods Manifest.lock */ = {
			isa = PBXShellScriptBuildPhase;
			buildActionMask = 2147483647;
			files = (
			);
			inputPaths = (
			);
			name = "[CP] Check Pods Manifest.lock";
			outputPaths = (
			);
			runOnlyForDeploymentPostprocessing = 0;
			shellPath = /bin/sh;
			shellScript = "diff \"${PODS_ROOT}/../Podfile.lock\" \"${PODS_ROOT}/Manifest.lock\" > /dev/null\nif [ $? != 0 ] ; then\n    # print error to STDERR\n    echo \"error: The sandbox is not in sync with the Podfile.lock. Run 'pod install' or update your CocoaPods installation.\" >&2\n    exit 1\nfi\n";
			showEnvVarsInLog = 0;
		};
		9D3E05D229E9EF826F3CEC46 /* [CP] Embed Pods Frameworks */ = {
			isa = PBXShellScriptBuildPhase;
			buildActionMask = 2147483647;
			files = (
			);
			inputPaths = (
			);
			name = "[CP] Embed Pods Frameworks";
			outputPaths = (
			);
			runOnlyForDeploymentPostprocessing = 0;
			shellPath = /bin/sh;
			shellScript = "\"${SRCROOT}/Pods/Target Support Files/Pods-ModelKitTests/Pods-ModelKitTests-frameworks.sh\"\n";
			showEnvVarsInLog = 0;
		};
		DACE3C299857B62E0BE45F0A /* [CP] Copy Pods Resources */ = {
			isa = PBXShellScriptBuildPhase;
			buildActionMask = 2147483647;
			files = (
			);
			inputPaths = (
			);
			name = "[CP] Copy Pods Resources";
			outputPaths = (
			);
			runOnlyForDeploymentPostprocessing = 0;
			shellPath = /bin/sh;
			shellScript = "\"${SRCROOT}/Pods/Target Support Files/Pods-ModelKit/Pods-ModelKit-resources.sh\"\n";
			showEnvVarsInLog = 0;
		};
/* End PBXShellScriptBuildPhase section */

/* Begin PBXSourcesBuildPhase section */
		224F97EA1DF095A5001E851F /* Sources */ = {
			isa = PBXSourcesBuildPhase;
			buildActionMask = 2147483647;
			files = (
				220EF8D71DF09C3800B702CC /* ArrayField.swift in Sources */,
				220EF91D1DF0A2F700B702CC /* MemoryRegistry.swift in Sources */,
				220EF9001DF09DEE00B702CC /* ValueTransformer.swift in Sources */,
				220EF9021DF09DFD00B702CC /* Mirror+Super.swift in Sources */,
				220EF8EE1DF09C9400B702CC /* ValueObserver.swift in Sources */,
				22DAC6B81DF7FCF100108441 /* SimpleValueTransformer.swift in Sources */,
				22450D031DF7880600614CC9 /* Response.swift in Sources */,
				22450D041DF7880600614CC9 /* Router.swift in Sources */,
				220EF8D11DF09C1600B702CC /* ModelArrayField.swift in Sources */,
				220EF90E1DF09FF200B702CC /* Array+Difference.swift in Sources */,
				220EF9101DF0A01F00B702CC /* DictionaryExtension.swift in Sources */,
				22DBA58C1E24531A00E904A4 /* Observable.swift in Sources */,
				22DBA5871E24338900E904A4 /* ValueObservation.swift in Sources */,
				220EF8DC1DF09C4400B702CC /* ValueTransformable.swift in Sources */,
				220EF9071DF09E3100B702CC /* TransformerCache.swift in Sources */,
				220EF8ED1DF09C9400B702CC /* Observation.swift in Sources */,
				22450CFC1DF785E900614CC9 /* TypeDictionary.swift in Sources */,
				22450D021DF7880600614CC9 /* RequestEncoder.swift in Sources */,
				220EF8DA1DF09C3800B702CC /* Field.swift in Sources */,
				22B82C3D1E79B56500E3EA54 /* Interface.swift in Sources */,
				22A1F2F31DFD2ED600241434 /* ModelObserver.swift in Sources */,
				220EF8D21DF09C1600B702CC /* ModelField.swift in Sources */,
				220EF8E11DF09C7100B702CC /* ModelStore.swift in Sources */,
				220EF8F21DF09CB500B702CC /* ModelValueTransformer.swift in Sources */,
				2249CC411DF23A4500FD3ABD /* HasOwnerField.swift in Sources */,
				220EF8F11DF09CB500B702CC /* ModelManager.swift in Sources */,
				220EF8FE1DF09DE000B702CC /* ValidationRule.swift in Sources */,
				22DBA5891E243F4300E904A4 /* ObservationRegistry.swift in Sources */,
				220EF8D81DF09C3800B702CC /* BaseField.swift in Sources */,
				220EF8F61DF09D7700B702CC /* DictionarySerializable.swift in Sources */,
				22450D011DF7880600614CC9 /* RemoteModelStore.swift in Sources */,
				22DAC6B61DF7FCDD00108441 /* NumericValueTransformer.swift in Sources */,
				22A1F2F51DFD2FB700241434 /* FieldPath.swift in Sources */,
				22419E2D1E4A3F0B0063A0C2 /* CharacterSet+extensions.swift in Sources */,
				220EF8CC1DF09BEE00B702CC /* ArchiveModelStore.swift in Sources */,
				220EF9201DF0A58100B702CC /* ValueTransformerContext.swift in Sources */,
				220EF8DE1DF09C6600B702CC /* MemoryModelStore.swift in Sources */,
				220EF8D01DF09C1600B702CC /* Model.swift in Sources */,
				220EF8EC1DF09C9400B702CC /* ValueObservable.swift in Sources */,
				220EF8E21DF09C7100B702CC /* ModelStoreDelegate.swift in Sources */,
				22B82C331E78F18300E3EA54 /* ValueDomain.swift in Sources */,
				220EF91E1DF0A2F700B702CC /* ModelRegistry.swift in Sources */,
				220EF8FC1DF09DC600B702CC /* DateTransformer.swift in Sources */,
				220EF8D91DF09C3800B702CC /* EnumField.swift in Sources */,
			);
			runOnlyForDeploymentPostprocessing = 0;
		};
		224F97F41DF095A5001E851F /* Sources */ = {
			isa = PBXSourcesBuildPhase;
			buildActionMask = 2147483647;
			files = (
				220EF8C51DF099A000B702CC /* ObservationTests.swift in Sources */,
				220EF8B81DF0992200B702CC /* ModelTests.swift in Sources */,
				220EF8C61DF099A000B702CC /* TransformerTests.swift in Sources */,
				220EF8C31DF099A000B702CC /* Tests.swift in Sources */,
				220EF8C41DF099A000B702CC /* ArrayFieldTests.swift in Sources */,
				220EF8B91DF0992200B702CC /* ArrayTests.swift in Sources */,
				220EF8BC1DF0992200B702CC /* TypeDictionaryTests.swift in Sources */,
				220EF8C71DF099A000B702CC /* CustomFieldTests.swift in Sources */,
				224F97FE1DF095A5001E851F /* ModelKitTests.swift in Sources */,
				220EF8BA1DF0992200B702CC /* RemoteRequestTests.swift in Sources */,
				220EF8BB1DF0992200B702CC /* ArchiveTests.swift in Sources */,
				220EF8B71DF0992200B702CC /* APIKitTests.swift in Sources */,
			);
			runOnlyForDeploymentPostprocessing = 0;
		};
/* End PBXSourcesBuildPhase section */

/* Begin PBXTargetDependency section */
		224F97FB1DF095A5001E851F /* PBXTargetDependency */ = {
			isa = PBXTargetDependency;
			target = 224F97EE1DF095A5001E851F /* ModelKit */;
			targetProxy = 224F97FA1DF095A5001E851F /* PBXContainerItemProxy */;
		};
/* End PBXTargetDependency section */

/* Begin XCBuildConfiguration section */
		224F98011DF095A5001E851F /* Debug */ = {
			isa = XCBuildConfiguration;
			buildSettings = {
				ALWAYS_SEARCH_USER_PATHS = NO;
				CLANG_ANALYZER_NONNULL = YES;
				CLANG_CXX_LANGUAGE_STANDARD = "gnu++0x";
				CLANG_CXX_LIBRARY = "libc++";
				CLANG_ENABLE_MODULES = YES;
				CLANG_ENABLE_OBJC_ARC = YES;
				CLANG_WARN_BOOL_CONVERSION = YES;
				CLANG_WARN_CONSTANT_CONVERSION = YES;
				CLANG_WARN_DIRECT_OBJC_ISA_USAGE = YES_ERROR;
				CLANG_WARN_DOCUMENTATION_COMMENTS = YES;
				CLANG_WARN_EMPTY_BODY = YES;
				CLANG_WARN_ENUM_CONVERSION = YES;
				CLANG_WARN_INFINITE_RECURSION = YES;
				CLANG_WARN_INT_CONVERSION = YES;
				CLANG_WARN_OBJC_ROOT_CLASS = YES_ERROR;
				CLANG_WARN_SUSPICIOUS_MOVES = YES;
				CLANG_WARN_UNREACHABLE_CODE = YES;
				CLANG_WARN__DUPLICATE_METHOD_MATCH = YES;
				"CODE_SIGN_IDENTITY[sdk=iphoneos*]" = "iPhone Developer";
				COPY_PHASE_STRIP = NO;
				CURRENT_PROJECT_VERSION = 1;
				DEBUG_INFORMATION_FORMAT = dwarf;
				ENABLE_STRICT_OBJC_MSGSEND = YES;
				ENABLE_TESTABILITY = YES;
				GCC_C_LANGUAGE_STANDARD = gnu99;
				GCC_DYNAMIC_NO_PIC = NO;
				GCC_NO_COMMON_BLOCKS = YES;
				GCC_OPTIMIZATION_LEVEL = 0;
				GCC_PREPROCESSOR_DEFINITIONS = (
					"DEBUG=1",
					"$(inherited)",
				);
				GCC_WARN_64_TO_32_BIT_CONVERSION = YES;
				GCC_WARN_ABOUT_RETURN_TYPE = YES_ERROR;
				GCC_WARN_UNDECLARED_SELECTOR = YES;
				GCC_WARN_UNINITIALIZED_AUTOS = YES_AGGRESSIVE;
				GCC_WARN_UNUSED_FUNCTION = YES;
				GCC_WARN_UNUSED_VARIABLE = YES;
				IPHONEOS_DEPLOYMENT_TARGET = 10.0;
				MTL_ENABLE_DEBUG_INFO = YES;
				ONLY_ACTIVE_ARCH = YES;
				SDKROOT = iphoneos;
				SWIFT_ACTIVE_COMPILATION_CONDITIONS = DEBUG;
				SWIFT_OPTIMIZATION_LEVEL = "-Onone";
				TARGETED_DEVICE_FAMILY = "1,2";
				VERSIONING_SYSTEM = "apple-generic";
				VERSION_INFO_PREFIX = "";
			};
			name = Debug;
		};
		224F98021DF095A5001E851F /* Release */ = {
			isa = XCBuildConfiguration;
			buildSettings = {
				ALWAYS_SEARCH_USER_PATHS = NO;
				CLANG_ANALYZER_NONNULL = YES;
				CLANG_CXX_LANGUAGE_STANDARD = "gnu++0x";
				CLANG_CXX_LIBRARY = "libc++";
				CLANG_ENABLE_MODULES = YES;
				CLANG_ENABLE_OBJC_ARC = YES;
				CLANG_WARN_BOOL_CONVERSION = YES;
				CLANG_WARN_CONSTANT_CONVERSION = YES;
				CLANG_WARN_DIRECT_OBJC_ISA_USAGE = YES_ERROR;
				CLANG_WARN_DOCUMENTATION_COMMENTS = YES;
				CLANG_WARN_EMPTY_BODY = YES;
				CLANG_WARN_ENUM_CONVERSION = YES;
				CLANG_WARN_INFINITE_RECURSION = YES;
				CLANG_WARN_INT_CONVERSION = YES;
				CLANG_WARN_OBJC_ROOT_CLASS = YES_ERROR;
				CLANG_WARN_SUSPICIOUS_MOVES = YES;
				CLANG_WARN_UNREACHABLE_CODE = YES;
				CLANG_WARN__DUPLICATE_METHOD_MATCH = YES;
				"CODE_SIGN_IDENTITY[sdk=iphoneos*]" = "iPhone Developer";
				COPY_PHASE_STRIP = NO;
				CURRENT_PROJECT_VERSION = 1;
				DEBUG_INFORMATION_FORMAT = "dwarf-with-dsym";
				ENABLE_NS_ASSERTIONS = NO;
				ENABLE_STRICT_OBJC_MSGSEND = YES;
				GCC_C_LANGUAGE_STANDARD = gnu99;
				GCC_NO_COMMON_BLOCKS = YES;
				GCC_WARN_64_TO_32_BIT_CONVERSION = YES;
				GCC_WARN_ABOUT_RETURN_TYPE = YES_ERROR;
				GCC_WARN_UNDECLARED_SELECTOR = YES;
				GCC_WARN_UNINITIALIZED_AUTOS = YES_AGGRESSIVE;
				GCC_WARN_UNUSED_FUNCTION = YES;
				GCC_WARN_UNUSED_VARIABLE = YES;
				IPHONEOS_DEPLOYMENT_TARGET = 10.0;
				MTL_ENABLE_DEBUG_INFO = NO;
				SDKROOT = iphoneos;
				SWIFT_OPTIMIZATION_LEVEL = "-Owholemodule";
				TARGETED_DEVICE_FAMILY = "1,2";
				VALIDATE_PRODUCT = YES;
				VERSIONING_SYSTEM = "apple-generic";
				VERSION_INFO_PREFIX = "";
			};
			name = Release;
		};
		224F98041DF095A5001E851F /* Debug */ = {
			isa = XCBuildConfiguration;
			baseConfigurationReference = B2EB45E0B156254A6D7C8539 /* Pods-ModelKit.debug.xcconfig */;
			buildSettings = {
				CLANG_ENABLE_MODULES = YES;
				CODE_SIGN_IDENTITY = "";
				DEFINES_MODULE = YES;
				DEVELOPMENT_TEAM = 7E8WS6RJ2L;
				DYLIB_COMPATIBILITY_VERSION = 1;
				DYLIB_CURRENT_VERSION = 1;
				DYLIB_INSTALL_NAME_BASE = "@rpath";
				INFOPLIST_FILE = ModelKit/Info.plist;
				INSTALL_PATH = "$(LOCAL_LIBRARY_DIR)/Frameworks";
				LD_RUNPATH_SEARCH_PATHS = "$(inherited) @executable_path/Frameworks @loader_path/Frameworks";
				PRODUCT_BUNDLE_IDENTIFIER = io.magnetized.ModelKit;
				PRODUCT_NAME = "$(TARGET_NAME)";
				SKIP_INSTALL = YES;
				SWIFT_OPTIMIZATION_LEVEL = "-Onone";
				SWIFT_VERSION = 3.0;
			};
			name = Debug;
		};
		224F98051DF095A5001E851F /* Release */ = {
			isa = XCBuildConfiguration;
			baseConfigurationReference = 38A05B7372D948352D30FCD1 /* Pods-ModelKit.release.xcconfig */;
			buildSettings = {
				CLANG_ENABLE_MODULES = YES;
				CODE_SIGN_IDENTITY = "";
				DEFINES_MODULE = YES;
				DEVELOPMENT_TEAM = 7E8WS6RJ2L;
				DYLIB_COMPATIBILITY_VERSION = 1;
				DYLIB_CURRENT_VERSION = 1;
				DYLIB_INSTALL_NAME_BASE = "@rpath";
				INFOPLIST_FILE = ModelKit/Info.plist;
				INSTALL_PATH = "$(LOCAL_LIBRARY_DIR)/Frameworks";
				LD_RUNPATH_SEARCH_PATHS = "$(inherited) @executable_path/Frameworks @loader_path/Frameworks";
				PRODUCT_BUNDLE_IDENTIFIER = io.magnetized.ModelKit;
				PRODUCT_NAME = "$(TARGET_NAME)";
				SKIP_INSTALL = YES;
				SWIFT_VERSION = 3.0;
			};
			name = Release;
		};
		224F98071DF095A5001E851F /* Debug */ = {
			isa = XCBuildConfiguration;
			baseConfigurationReference = DF968CA1B71DCE72839C39FF /* Pods-ModelKitTests.debug.xcconfig */;
			buildSettings = {
				DEVELOPMENT_TEAM = 7E8WS6RJ2L;
				INFOPLIST_FILE = ModelKitTests/Info.plist;
				LD_RUNPATH_SEARCH_PATHS = "$(inherited) @executable_path/Frameworks @loader_path/Frameworks";
				PRODUCT_BUNDLE_IDENTIFIER = io.magnetized.ModelKitTests;
				PRODUCT_NAME = "$(TARGET_NAME)";
				SWIFT_VERSION = 3.0;
			};
			name = Debug;
		};
		224F98081DF095A5001E851F /* Release */ = {
			isa = XCBuildConfiguration;
			baseConfigurationReference = DC22183A5F54223695D5D378 /* Pods-ModelKitTests.release.xcconfig */;
			buildSettings = {
				DEVELOPMENT_TEAM = 7E8WS6RJ2L;
				INFOPLIST_FILE = ModelKitTests/Info.plist;
				LD_RUNPATH_SEARCH_PATHS = "$(inherited) @executable_path/Frameworks @loader_path/Frameworks";
				PRODUCT_BUNDLE_IDENTIFIER = io.magnetized.ModelKitTests;
				PRODUCT_NAME = "$(TARGET_NAME)";
				SWIFT_VERSION = 3.0;
			};
			name = Release;
		};
/* End XCBuildConfiguration section */

/* Begin XCConfigurationList section */
		224F97E91DF095A5001E851F /* Build configuration list for PBXProject "ModelKit" */ = {
			isa = XCConfigurationList;
			buildConfigurations = (
				224F98011DF095A5001E851F /* Debug */,
				224F98021DF095A5001E851F /* Release */,
			);
			defaultConfigurationIsVisible = 0;
			defaultConfigurationName = Release;
		};
		224F98031DF095A5001E851F /* Build configuration list for PBXNativeTarget "ModelKit" */ = {
			isa = XCConfigurationList;
			buildConfigurations = (
				224F98041DF095A5001E851F /* Debug */,
				224F98051DF095A5001E851F /* Release */,
			);
			defaultConfigurationIsVisible = 0;
			defaultConfigurationName = Release;
		};
		224F98061DF095A5001E851F /* Build configuration list for PBXNativeTarget "ModelKitTests" */ = {
			isa = XCConfigurationList;
			buildConfigurations = (
				224F98071DF095A5001E851F /* Debug */,
				224F98081DF095A5001E851F /* Release */,
			);
			defaultConfigurationIsVisible = 0;
			defaultConfigurationName = Release;
		};
/* End XCConfigurationList section */
	};
	rootObject = 224F97E61DF095A5001E851F /* Project object */;
}
